
Microsoft Visual Studio Solution File, Format Version 12.00
# Visual Studio Version 16
VisualStudioVersion = 16.0.31112.23
MinimumVisualStudioVersion = 10.0.40219.1
Project("{FAE04EC0-301F-11D3-BF4B-00C04F79EFBC}") = "WebApi", "WebApi\WebApi.csproj", "{9E035D86-1654-4A7D-AD32-9747E409CF67}"
EndProject
Project("{FAE04EC0-301F-11D3-BF4B-00C04F79EFBC}") = "AcceptedProject.Domain", "AcceptedProject.Domain\AcceptedProject.Domain.csproj", "{D46EE21C-C542-4ACD-B7B1-1C1507B96309}"
EndProject
Project("{FAE04EC0-301F-11D3-BF4B-00C04F79EFBC}") = "AcceptedProject.Infrastructure", "AcceptedProject.Infrastructure\AcceptedProject.Infrastructure.csproj", "{90C83D5C-1C3A-4F82-BD10-4141C593F5B2}"
EndProject
Project("{FAE04EC0-301F-11D3-BF4B-00C04F79EFBC}") = "AcceptedProject.Application", "AcceptedProject.Application\AcceptedProject.Application.csproj", "{1B57DE7E-4D47-446D-8457-DC3EF7A09030}"
EndProject
Global
	GlobalSection(SolutionConfigurationPlatforms) = preSolution
		Debug|Any CPU = Debug|Any CPU
		Release|Any CPU = Release|Any CPU
	EndGlobalSection
	GlobalSection(ProjectConfigurationPlatforms) = postSolution
		{9E035D86-1654-4A7D-AD32-9747E409CF67}.Debug|Any CPU.ActiveCfg = Debug|Any CPU
		{9E035D86-1654-4A7D-AD32-9747E409CF67}.Debug|Any CPU.Build.0 = Debug|Any CPU
		{9E035D86-1654-4A7D-AD32-9747E409CF67}.Release|Any CPU.ActiveCfg = Release|Any CPU
		{9E035D86-1654-4A7D-AD32-9747E409CF67}.Release|Any CPU.Build.0 = Release|Any CPU
		{D46EE21C-C542-4ACD-B7B1-1C1507B96309}.Debug|Any CPU.ActiveCfg = Debug|Any CPU
		{D46EE21C-C542-4ACD-B7B1-1C1507B96309}.Debug|Any CPU.Build.0 = Debug|Any CPU
		{D46EE21C-C542-4ACD-B7B1-1C1507B96309}.Release|Any CPU.ActiveCfg = Release|Any CPU
		{D46EE21C-C542-4ACD-B7B1-1C1507B96309}.Release|Any CPU.Build.0 = Release|Any CPU
		{90C83D5C-1C3A-4F82-BD10-4141C593F5B2}.Debug|Any CPU.ActiveCfg = Debug|Any CPU
		{90C83D5C-1C3A-4F82-BD10-4141C593F5B2}.Debug|Any CPU.Build.0 = Debug|Any CPU
		{90C83D5C-1C3A-4F82-BD10-4141C593F5B2}.Release|Any CPU.ActiveCfg = Release|Any CPU
		{90C83D5C-1C3A-4F82-BD10-4141C593F5B2}.Release|Any CPU.Build.0 = Release|Any CPU
		{1B57DE7E-4D47-446D-8457-DC3EF7A09030}.Debug|Any CPU.ActiveCfg = Debug|Any CPU
		{1B57DE7E-4D47-446D-8457-DC3EF7A09030}.Debug|Any CPU.Build.0 = Debug|Any CPU
		{1B57DE7E-4D47-446D-8457-DC3EF7A09030}.Release|Any CPU.ActiveCfg = Release|Any CPU
		{1B57DE7E-4D47-446D-8457-DC3EF7A09030}.Release|Any CPU.Build.0 = Release|Any CPU
	EndGlobalSection
	GlobalSection(SolutionProperties) = preSolution
		HideSolutionNode = FALSE
	EndGlobalSection
	GlobalSection(ExtensibilityGlobals) = postSolution
		SolutionGuid = {A3F9EAAA-FC4A-485C-A1C2-52ACAA0F0008}
	EndGlobalSection
EndGlobal
